
Microsoft Visual Studio Solution File, Format Version 12.00
# Visual Studio Version 16
VisualStudioVersion = 16.0.31410.357
MinimumVisualStudioVersion = 10.0.40219.1
Project("{8BC9CEB8-8B4A-11D0-8D11-00A0C91BC942}") = "app01_srwlock_cvs", "app01_srwlock_cvs\app01_srwlock_cvs.vcxproj", "{881C55A5-F0E3-437E-977B-90D69520246B}"
EndProject
Project("{8BC9CEB8-8B4A-11D0-8D11-00A0C91BC942}") = "app02_auto_reset_events", "app02_auto_reset_events\app02_auto_reset_events.vcxproj", "{A96BBA0E-64DC-4B87-B144-38E78ABCF2EA}"
EndProject
Global
	GlobalSection(SolutionConfigurationPlatforms) = preSolution
		Debug|x64 = Debug|x64
		Debug|x86 = Debug|x86
		Release|x64 = Release|x64
		Release|x86 = Release|x86
	EndGlobalSection
	GlobalSection(ProjectConfigurationPlatforms) = postSolution
		{881C55A5-F0E3-437E-977B-90D69520246B}.Debug|x64.ActiveCfg = Debug|x64
		{881C55A5-F0E3-437E-977B-90D69520246B}.Debug|x64.Build.0 = Debug|x64
		{881C55A5-F0E3-437E-977B-90D69520246B}.Debug|x86.ActiveCfg = Debug|Win32
		{881C55A5-F0E3-437E-977B-90D69520246B}.Debug|x86.Build.0 = Debug|Win32
		{881C55A5-F0E3-437E-977B-90D69520246B}.Release|x64.ActiveCfg = Release|x64
		{881C55A5-F0E3-437E-977B-90D69520246B}.Release|x64.Build.0 = Release|x64
		{881C55A5-F0E3-437E-977B-90D69520246B}.Release|x86.ActiveCfg = Release|Win32
		{881C55A5-F0E3-437E-977B-90D69520246B}.Release|x86.Build.0 = Release|Win32
		{A96BBA0E-64DC-4B87-B144-38E78ABCF2EA}.Debug|x64.ActiveCfg = Debug|x64
		{A96BBA0E-64DC-4B87-B144-38E78ABCF2EA}.Debug|x64.Build.0 = Debug|x64
		{A96BBA0E-64DC-4B87-B144-38E78ABCF2EA}.Debug|x86.ActiveCfg = Debug|Win32
		{A96BBA0E-64DC-4B87-B144-38E78ABCF2EA}.Debug|x86.Build.0 = Debug|Win32
		{A96BBA0E-64DC-4B87-B144-38E78ABCF2EA}.Release|x64.ActiveCfg = Release|x64
		{A96BBA0E-64DC-4B87-B144-38E78ABCF2EA}.Release|x64.Build.0 = Release|x64
		{A96BBA0E-64DC-4B87-B144-38E78ABCF2EA}.Release|x86.ActiveCfg = Release|Win32
		{A96BBA0E-64DC-4B87-B144-38E78ABCF2EA}.Release|x86.Build.0 = Release|Win32
	EndGlobalSection
	GlobalSection(SolutionProperties) = preSolution
		HideSolutionNode = FALSE
	EndGlobalSection
	GlobalSection(ExtensibilityGlobals) = postSolution
		SolutionGuid = {FA90A7EF-8064-43A0-8F15-EC103BDED62D}
	EndGlobalSection
EndGlobal
